
Microsoft Visual Studio Solution File, Format Version 12.00
# Visual Studio Version 17
VisualStudioVersion = 17.3.32929.385
MinimumVisualStudioVersion = 10.0.40219.1
Project("{FAE04EC0-301F-11D3-BF4B-00C04F79EFBC}") = "Basic Calculator", "Basic Calculator\Basic Calculator.csproj", "{EFE26476-37BE-45D1-AC1A-B5B7A615D0FA}"
EndProject
Global
	GlobalSection(SolutionConfigurationPlatforms) = preSolution
		Debug|Any CPU = Debug|Any CPU
		Release|Any CPU = Release|Any CPU
	EndGlobalSection
	GlobalSection(ProjectConfigurationPlatforms) = postSolution
		{EFE26476-37BE-45D1-AC1A-B5B7A615D0FA}.Debug|Any CPU.ActiveCfg = Debug|Any CPU
		{EFE26476-37BE-45D1-AC1A-B5B7A615D0FA}.Debug|Any CPU.Build.0 = Debug|Any CPU
		{EFE26476-37BE-45D1-AC1A-B5B7A615D0FA}.Release|Any CPU.ActiveCfg = Release|Any CPU
		{EFE26476-37BE-45D1-AC1A-B5B7A615D0FA}.Release|Any CPU.Build.0 = Release|Any CPU
	EndGlobalSection
	GlobalSection(SolutionProperties) = preSolution
		HideSolutionNode = FALSE
	EndGlobalSection
	GlobalSection(ExtensibilityGlobals) = postSolution
		SolutionGuid = {1F723E32-C591-4AE0-92C9-CFE7C8E4DEAA}
	EndGlobalSection
EndGlobal
