
Microsoft Visual Studio Solution File, Format Version 12.00
# Visual Studio Version 17
VisualStudioVersion = 17.4.33103.184
MinimumVisualStudioVersion = 10.0.40219.1
Project("{FAE04EC0-301F-11D3-BF4B-00C04F79EFBC}") = "Better Calculator", "Better Calculator\Better Calculator.csproj", "{68106201-85E0-4EA0-8D49-146DCB787B32}"
EndProject
Global
	GlobalSection(SolutionConfigurationPlatforms) = preSolution
		Debug|Any CPU = Debug|Any CPU
		Release|Any CPU = Release|Any CPU
	EndGlobalSection
	GlobalSection(ProjectConfigurationPlatforms) = postSolution
		{68106201-85E0-4EA0-8D49-146DCB787B32}.Debug|Any CPU.ActiveCfg = Debug|Any CPU
		{68106201-85E0-4EA0-8D49-146DCB787B32}.Debug|Any CPU.Build.0 = Debug|Any CPU
		{68106201-85E0-4EA0-8D49-146DCB787B32}.Release|Any CPU.ActiveCfg = Release|Any CPU
		{68106201-85E0-4EA0-8D49-146DCB787B32}.Release|Any CPU.Build.0 = Release|Any CPU
	EndGlobalSection
	GlobalSection(SolutionProperties) = preSolution
		HideSolutionNode = FALSE
	EndGlobalSection
	GlobalSection(ExtensibilityGlobals) = postSolution
		SolutionGuid = {B0997831-8923-4BD4-8C17-2E8BB2E73D67}
	EndGlobalSection
EndGlobal
