
Microsoft Visual Studio Solution File, Format Version 12.00
# Visual Studio Version 17
VisualStudioVersion = 17.3.32929.385
MinimumVisualStudioVersion = 10.0.40219.1
Project("{FAE04EC0-301F-11D3-BF4B-00C04F79EFBC}") = "Project Kaas", "Project Kaas\Project Kaas.csproj", "{0F6A7ADF-31E2-4809-B9A5-E4E421E9FFEF}"
EndProject
Global
	GlobalSection(SolutionConfigurationPlatforms) = preSolution
		Debug|Any CPU = Debug|Any CPU
		Release|Any CPU = Release|Any CPU
	EndGlobalSection
	GlobalSection(ProjectConfigurationPlatforms) = postSolution
		{0F6A7ADF-31E2-4809-B9A5-E4E421E9FFEF}.Debug|Any CPU.ActiveCfg = Debug|Any CPU
		{0F6A7ADF-31E2-4809-B9A5-E4E421E9FFEF}.Debug|Any CPU.Build.0 = Debug|Any CPU
		{0F6A7ADF-31E2-4809-B9A5-E4E421E9FFEF}.Release|Any CPU.ActiveCfg = Release|Any CPU
		{0F6A7ADF-31E2-4809-B9A5-E4E421E9FFEF}.Release|Any CPU.Build.0 = Release|Any CPU
	EndGlobalSection
	GlobalSection(SolutionProperties) = preSolution
		HideSolutionNode = FALSE
	EndGlobalSection
	GlobalSection(ExtensibilityGlobals) = postSolution
		SolutionGuid = {DFD0BCF6-1999-43F9-9ABD-64E6EFEABC4E}
	EndGlobalSection
EndGlobal
